
Microsoft Visual Studio Solution File, Format Version 12.00
# Visual Studio 2012
Project("{FAE04EC0-301F-11D3-BF4B-00C04F79EFBC}") = "ConsumptionService", "ConsumptionService\ConsumptionService.csproj", "{FA368456-2242-45ED-9F89-F1CCFEB9DEFC}"
EndProject
Global
	GlobalSection(SolutionConfigurationPlatforms) = preSolution
		Debug|Any CPU = Debug|Any CPU
		Release|Any CPU = Release|Any CPU
	EndGlobalSection
	GlobalSection(ProjectConfigurationPlatforms) = postSolution
		{FA368456-2242-45ED-9F89-F1CCFEB9DEFC}.Debug|Any CPU.ActiveCfg = Debug|Any CPU
		{FA368456-2242-45ED-9F89-F1CCFEB9DEFC}.Debug|Any CPU.Build.0 = Debug|Any CPU
		{FA368456-2242-45ED-9F89-F1CCFEB9DEFC}.Release|Any CPU.ActiveCfg = Release|Any CPU
		{FA368456-2242-45ED-9F89-F1CCFEB9DEFC}.Release|Any CPU.Build.0 = Release|Any CPU
	EndGlobalSection
	GlobalSection(SolutionProperties) = preSolution
		HideSolutionNode = FALSE
	EndGlobalSection
EndGlobal
